
Microsoft Visual Studio Solution File, Format Version 12.00
# Visual Studio Version 17
VisualStudioVersion = 17.9.34607.119
MinimumVisualStudioVersion = 10.0.40219.1
Project("{FAE04EC0-301F-11D3-BF4B-00C04F79EFBC}") = "PhoneBook2", "PhoneBook2.csproj", "{BE8C85F4-8AFD-4E4C-896D-6A4F4BD2CF49}"
EndProject
Global
	GlobalSection(SolutionConfigurationPlatforms) = preSolution
		Debug|Any CPU = Debug|Any CPU
		Release|Any CPU = Release|Any CPU
	EndGlobalSection
	GlobalSection(ProjectConfigurationPlatforms) = postSolution
		{BE8C85F4-8AFD-4E4C-896D-6A4F4BD2CF49}.Debug|Any CPU.ActiveCfg = Debug|Any CPU
		{BE8C85F4-8AFD-4E4C-896D-6A4F4BD2CF49}.Debug|Any CPU.Build.0 = Debug|Any CPU
		{BE8C85F4-8AFD-4E4C-896D-6A4F4BD2CF49}.Release|Any CPU.ActiveCfg = Release|Any CPU
		{BE8C85F4-8AFD-4E4C-896D-6A4F4BD2CF49}.Release|Any CPU.Build.0 = Release|Any CPU
	EndGlobalSection
	GlobalSection(SolutionProperties) = preSolution
		HideSolutionNode = FALSE
	EndGlobalSection
	GlobalSection(ExtensibilityGlobals) = postSolution
		SolutionGuid = {B04DB2E9-1938-4315-9AEC-66A0EC5DA86E}
	EndGlobalSection
EndGlobal
